// !$*UTF8*$!
{
	archiveVersion = 1;
	classes = {
	};
	objectVersion = 50;
	objects = {

/* Begin PBXBuildFile section */
		4A5E155C246376EE00038A0C /* InjectJS.entitlements in Resources */ = {isa = PBXBuildFile; fileRef = 4A5E155B246376EE00038A0C /* InjectJS.entitlements */; };
		4A5E155E246376EE00038A0C /* AppDelegate.swift in Sources */ = {isa = PBXBuildFile; fileRef = 4A5E155D246376EE00038A0C /* AppDelegate.swift */; };
		4A5E1561246376EE00038A0C /* Main.storyboard in Resources */ = {isa = PBXBuildFile; fileRef = 4A5E155F246376EE00038A0C /* Main.storyboard */; };
		4A5E1563246376EE00038A0C /* ViewController.swift in Sources */ = {isa = PBXBuildFile; fileRef = 4A5E1562246376EE00038A0C /* ViewController.swift */; };
		4A5E1565246376EF00038A0C /* Assets.xcassets in Resources */ = {isa = PBXBuildFile; fileRef = 4A5E1564246376EF00038A0C /* Assets.xcassets */; };
		4A5E156C246376EF00038A0C /* InjectJS Extension.appex in Embed App Extensions */ = {isa = PBXBuildFile; fileRef = 4A5E156B246376EF00038A0C /* InjectJS Extension.appex */; settings = {ATTRIBUTES = (RemoveHeadersOnCopy, ); }; };
		4A5E1571246376EF00038A0C /* Cocoa.framework in Frameworks */ = {isa = PBXBuildFile; fileRef = 4A5E1570246376EF00038A0C /* Cocoa.framework */; };
		4A5E1574246376EF00038A0C /* SafariExtensionHandler.swift in Sources */ = {isa = PBXBuildFile; fileRef = 4A5E1573246376EF00038A0C /* SafariExtensionHandler.swift */; };
		4A5E1576246376EF00038A0C /* SafariExtensionViewController.swift in Sources */ = {isa = PBXBuildFile; fileRef = 4A5E1575246376EF00038A0C /* SafariExtensionViewController.swift */; };
		4A5E1579246376EF00038A0C /* SafariExtensionViewController.xib in Resources */ = {isa = PBXBuildFile; fileRef = 4A5E1577246376EF00038A0C /* SafariExtensionViewController.xib */; };
		4A5E157C246376EF00038A0C /* script.js in Resources */ = {isa = PBXBuildFile; fileRef = 4A5E157B246376EF00038A0C /* script.js */; };
		4ADFD0BE2463792500D8188A /* editor in Resources */ = {isa = PBXBuildFile; fileRef = 4ADFD0BC2463792500D8188A /* editor */; };
		4ADFD0BF2463792500D8188A /* editor.html in Resources */ = {isa = PBXBuildFile; fileRef = 4ADFD0BD2463792500D8188A /* editor.html */; };
		4ADFD0C12463796D00D8188A /* ToolbarItemIcon.pdf in Resources */ = {isa = PBXBuildFile; fileRef = 4ADFD0C02463796D00D8188A /* ToolbarItemIcon.pdf */; };
/* End PBXBuildFile section */

/* Begin PBXContainerItemProxy section */
		4A5E156D246376EF00038A0C /* PBXContainerItemProxy */ = {
			isa = PBXContainerItemProxy;
			containerPortal = 4A5E1550246376EE00038A0C /* Project object */;
			proxyType = 1;
			remoteGlobalIDString = 4A5E156A246376EF00038A0C;
			remoteInfo = "InjectJS Extension";
		};
/* End PBXContainerItemProxy section */

/* Begin PBXCopyFilesBuildPhase section */
		4A5E1585246376EF00038A0C /* Embed App Extensions */ = {
			isa = PBXCopyFilesBuildPhase;
			buildActionMask = 2147483647;
			dstPath = "";
			dstSubfolderSpec = 13;
			files = (
				4A5E156C246376EF00038A0C /* InjectJS Extension.appex in Embed App Extensions */,
			);
			name = "Embed App Extensions";
			runOnlyForDeploymentPostprocessing = 0;
		};
/* End PBXCopyFilesBuildPhase section */

/* Begin PBXFileReference section */
		4A5E1558246376EE00038A0C /* InjectJS.app */ = {isa = PBXFileReference; explicitFileType = wrapper.application; includeInIndex = 0; path = InjectJS.app; sourceTree = BUILT_PRODUCTS_DIR; };
		4A5E155B246376EE00038A0C /* InjectJS.entitlements */ = {isa = PBXFileReference; lastKnownFileType = text.plist.entitlements; path = InjectJS.entitlements; sourceTree = "<group>"; };
		4A5E155D246376EE00038A0C /* AppDelegate.swift */ = {isa = PBXFileReference; lastKnownFileType = sourcecode.swift; path = AppDelegate.swift; sourceTree = "<group>"; };
		4A5E1560246376EE00038A0C /* Base */ = {isa = PBXFileReference; lastKnownFileType = file.storyboard; name = Base; path = Base.lproj/Main.storyboard; sourceTree = "<group>"; };
		4A5E1562246376EE00038A0C /* ViewController.swift */ = {isa = PBXFileReference; lastKnownFileType = sourcecode.swift; path = ViewController.swift; sourceTree = "<group>"; };
		4A5E1564246376EF00038A0C /* Assets.xcassets */ = {isa = PBXFileReference; lastKnownFileType = folder.assetcatalog; path = Assets.xcassets; sourceTree = "<group>"; };
		4A5E1566246376EF00038A0C /* Info.plist */ = {isa = PBXFileReference; lastKnownFileType = text.plist.xml; path = Info.plist; sourceTree = "<group>"; };
		4A5E156B246376EF00038A0C /* InjectJS Extension.appex */ = {isa = PBXFileReference; explicitFileType = "wrapper.app-extension"; includeInIndex = 0; path = "InjectJS Extension.appex"; sourceTree = BUILT_PRODUCTS_DIR; };
		4A5E1570246376EF00038A0C /* Cocoa.framework */ = {isa = PBXFileReference; lastKnownFileType = wrapper.framework; name = Cocoa.framework; path = System/Library/Frameworks/Cocoa.framework; sourceTree = SDKROOT; };
		4A5E1573246376EF00038A0C /* SafariExtensionHandler.swift */ = {isa = PBXFileReference; lastKnownFileType = sourcecode.swift; path = SafariExtensionHandler.swift; sourceTree = "<group>"; };
		4A5E1575246376EF00038A0C /* SafariExtensionViewController.swift */ = {isa = PBXFileReference; lastKnownFileType = sourcecode.swift; path = SafariExtensionViewController.swift; sourceTree = "<group>"; };
		4A5E1578246376EF00038A0C /* Base */ = {isa = PBXFileReference; lastKnownFileType = file.xib; name = Base; path = Base.lproj/SafariExtensionViewController.xib; sourceTree = "<group>"; };
		4A5E157A246376EF00038A0C /* Info.plist */ = {isa = PBXFileReference; lastKnownFileType = text.plist.xml; path = Info.plist; sourceTree = "<group>"; };
		4A5E157B246376EF00038A0C /* script.js */ = {isa = PBXFileReference; lastKnownFileType = sourcecode.javascript; path = script.js; sourceTree = "<group>"; };
		4A5E157F246376EF00038A0C /* InjectJS_Extension.entitlements */ = {isa = PBXFileReference; lastKnownFileType = text.plist.entitlements; path = InjectJS_Extension.entitlements; sourceTree = "<group>"; };
		4ADFD0BC2463792500D8188A /* editor */ = {isa = PBXFileReference; lastKnownFileType = folder; path = editor; sourceTree = "<group>"; };
		4ADFD0BD2463792500D8188A /* editor.html */ = {isa = PBXFileReference; fileEncoding = 4; lastKnownFileType = text.html; path = editor.html; sourceTree = "<group>"; };
		4ADFD0C02463796D00D8188A /* ToolbarItemIcon.pdf */ = {isa = PBXFileReference; lastKnownFileType = image.pdf; path = ToolbarItemIcon.pdf; sourceTree = "<group>"; };
/* End PBXFileReference section */

/* Begin PBXFrameworksBuildPhase section */
		4A5E1555246376EE00038A0C /* Frameworks */ = {
			isa = PBXFrameworksBuildPhase;
			buildActionMask = 2147483647;
			files = (
			);
			runOnlyForDeploymentPostprocessing = 0;
		};
		4A5E1568246376EF00038A0C /* Frameworks */ = {
			isa = PBXFrameworksBuildPhase;
			buildActionMask = 2147483647;
			files = (
				4A5E1571246376EF00038A0C /* Cocoa.framework in Frameworks */,
			);
			runOnlyForDeploymentPostprocessing = 0;
		};
/* End PBXFrameworksBuildPhase section */

/* Begin PBXGroup section */
		4A5E154F246376EE00038A0C = {
			isa = PBXGroup;
			children = (
				4A5E155A246376EE00038A0C /* InjectJS */,
				4A5E1572246376EF00038A0C /* InjectJS Extension */,
				4A5E156F246376EF00038A0C /* Frameworks */,
				4A5E1559246376EE00038A0C /* Products */,
			);
			sourceTree = "<group>";
		};
		4A5E1559246376EE00038A0C /* Products */ = {
			isa = PBXGroup;
			children = (
				4A5E1558246376EE00038A0C /* InjectJS.app */,
				4A5E156B246376EF00038A0C /* InjectJS Extension.appex */,
			);
			name = Products;
			sourceTree = "<group>";
		};
		4A5E155A246376EE00038A0C /* InjectJS */ = {
			isa = PBXGroup;
			children = (
				4A5E155B246376EE00038A0C /* InjectJS.entitlements */,
				4A5E155D246376EE00038A0C /* AppDelegate.swift */,
				4A5E155F246376EE00038A0C /* Main.storyboard */,
				4A5E1562246376EE00038A0C /* ViewController.swift */,
				4A5E1564246376EF00038A0C /* Assets.xcassets */,
				4A5E1566246376EF00038A0C /* Info.plist */,
			);
			path = InjectJS;
			sourceTree = "<group>";
		};
		4A5E156F246376EF00038A0C /* Frameworks */ = {
			isa = PBXGroup;
			children = (
				4A5E1570246376EF00038A0C /* Cocoa.framework */,
			);
			name = Frameworks;
			sourceTree = "<group>";
		};
		4A5E1572246376EF00038A0C /* InjectJS Extension */ = {
			isa = PBXGroup;
			children = (
				4A5E1573246376EF00038A0C /* SafariExtensionHandler.swift */,
				4A5E1575246376EF00038A0C /* SafariExtensionViewController.swift */,
				4A5E1577246376EF00038A0C /* SafariExtensionViewController.xib */,
				4A5E157A246376EF00038A0C /* Info.plist */,
				4A5E157B246376EF00038A0C /* script.js */,
				4ADFD0C02463796D00D8188A /* ToolbarItemIcon.pdf */,
				4ADFD0BC2463792500D8188A /* editor */,
				4ADFD0BD2463792500D8188A /* editor.html */,
				4A5E157F246376EF00038A0C /* InjectJS_Extension.entitlements */,
			);
			path = "InjectJS Extension";
			sourceTree = "<group>";
		};
/* End PBXGroup section */

/* Begin PBXNativeTarget section */
		4A5E1557246376EE00038A0C /* InjectJS */ = {
			isa = PBXNativeTarget;
			buildConfigurationList = 4A5E1586246376EF00038A0C /* Build configuration list for PBXNativeTarget "InjectJS" */;
			buildPhases = (
				4A5E1554246376EE00038A0C /* Sources */,
				4A5E1555246376EE00038A0C /* Frameworks */,
				4A5E1556246376EE00038A0C /* Resources */,
				4A5E1585246376EF00038A0C /* Embed App Extensions */,
			);
			buildRules = (
			);
			dependencies = (
				4A5E156E246376EF00038A0C /* PBXTargetDependency */,
			);
			name = InjectJS;
			productName = InjectJS;
			productReference = 4A5E1558246376EE00038A0C /* InjectJS.app */;
			productType = "com.apple.product-type.application";
		};
		4A5E156A246376EF00038A0C /* InjectJS Extension */ = {
			isa = PBXNativeTarget;
			buildConfigurationList = 4A5E1582246376EF00038A0C /* Build configuration list for PBXNativeTarget "InjectJS Extension" */;
			buildPhases = (
				4A5E1567246376EF00038A0C /* Sources */,
				4A5E1568246376EF00038A0C /* Frameworks */,
				4A5E1569246376EF00038A0C /* Resources */,
			);
			buildRules = (
			);
			dependencies = (
			);
			name = "InjectJS Extension";
			productName = "InjectJS Extension";
			productReference = 4A5E156B246376EF00038A0C /* InjectJS Extension.appex */;
			productType = "com.apple.product-type.app-extension";
		};
/* End PBXNativeTarget section */

/* Begin PBXProject section */
		4A5E1550246376EE00038A0C /* Project object */ = {
			isa = PBXProject;
			attributes = {
				LastSwiftUpdateCheck = 1100;
				LastUpgradeCheck = 1100;
				ORGANIZATIONNAME = "Justin Wasack";
				TargetAttributes = {
					4A5E1557246376EE00038A0C = {
						CreatedOnToolsVersion = 11.0;
					};
					4A5E156A246376EF00038A0C = {
						CreatedOnToolsVersion = 11.0;
					};
				};
			};
			buildConfigurationList = 4A5E1553246376EE00038A0C /* Build configuration list for PBXProject "InjectJS" */;
			compatibilityVersion = "Xcode 9.3";
			developmentRegion = en;
			hasScannedForEncodings = 0;
			knownRegions = (
				en,
				Base,
			);
			mainGroup = 4A5E154F246376EE00038A0C;
			productRefGroup = 4A5E1559246376EE00038A0C /* Products */;
			projectDirPath = "";
			projectRoot = "";
			targets = (
				4A5E1557246376EE00038A0C /* InjectJS */,
				4A5E156A246376EF00038A0C /* InjectJS Extension */,
			);
		};
/* End PBXProject section */

/* Begin PBXResourcesBuildPhase section */
		4A5E1556246376EE00038A0C /* Resources */ = {
			isa = PBXResourcesBuildPhase;
			buildActionMask = 2147483647;
			files = (
				4A5E155C246376EE00038A0C /* InjectJS.entitlements in Resources */,
				4A5E1565246376EF00038A0C /* Assets.xcassets in Resources */,
				4A5E1561246376EE00038A0C /* Main.storyboard in Resources */,
			);
			runOnlyForDeploymentPostprocessing = 0;
		};
		4A5E1569246376EF00038A0C /* Resources */ = {
			isa = PBXResourcesBuildPhase;
			buildActionMask = 2147483647;
			files = (
				4ADFD0BF2463792500D8188A /* editor.html in Resources */,
				4ADFD0BE2463792500D8188A /* editor in Resources */,
				4A5E1579246376EF00038A0C /* SafariExtensionViewController.xib in Resources */,
				4ADFD0C12463796D00D8188A /* ToolbarItemIcon.pdf in Resources */,
				4A5E157C246376EF00038A0C /* script.js in Resources */,
			);
			runOnlyForDeploymentPostprocessing = 0;
		};
/* End PBXResourcesBuildPhase section */

/* Begin PBXSourcesBuildPhase section */
		4A5E1554246376EE00038A0C /* Sources */ = {
			isa = PBXSourcesBuildPhase;
			buildActionMask = 2147483647;
			files = (
				4A5E1563246376EE00038A0C /* ViewController.swift in Sources */,
				4A5E155E246376EE00038A0C /* AppDelegate.swift in Sources */,
			);
			runOnlyForDeploymentPostprocessing = 0;
		};
		4A5E1567246376EF00038A0C /* Sources */ = {
			isa = PBXSourcesBuildPhase;
			buildActionMask = 2147483647;
			files = (
				4A5E1576246376EF00038A0C /* SafariExtensionViewController.swift in Sources */,
				4A5E1574246376EF00038A0C /* SafariExtensionHandler.swift in Sources */,
			);
			runOnlyForDeploymentPostprocessing = 0;
		};
/* End PBXSourcesBuildPhase section */

/* Begin PBXTargetDependency section */
		4A5E156E246376EF00038A0C /* PBXTargetDependency */ = {
			isa = PBXTargetDependency;
			target = 4A5E156A246376EF00038A0C /* InjectJS Extension */;
			targetProxy = 4A5E156D246376EF00038A0C /* PBXContainerItemProxy */;
		};
/* End PBXTargetDependency section */

/* Begin PBXVariantGroup section */
		4A5E155F246376EE00038A0C /* Main.storyboard */ = {
			isa = PBXVariantGroup;
			children = (
				4A5E1560246376EE00038A0C /* Base */,
			);
			name = Main.storyboard;
			sourceTree = "<group>";
		};
		4A5E1577246376EF00038A0C /* SafariExtensionViewController.xib */ = {
			isa = PBXVariantGroup;
			children = (
				4A5E1578246376EF00038A0C /* Base */,
			);
			name = SafariExtensionViewController.xib;
			sourceTree = "<group>";
		};
/* End PBXVariantGroup section */

/* Begin XCBuildConfiguration section */
		4A5E1580246376EF00038A0C /* Debug */ = {
			isa = XCBuildConfiguration;
			buildSettings = {
				ALWAYS_SEARCH_USER_PATHS = NO;
				CLANG_ANALYZER_NONNULL = YES;
				CLANG_ANALYZER_NUMBER_OBJECT_CONVERSION = YES_AGGRESSIVE;
				CLANG_CXX_LANGUAGE_STANDARD = "gnu++14";
				CLANG_CXX_LIBRARY = "libc++";
				CLANG_ENABLE_MODULES = YES;
				CLANG_ENABLE_OBJC_ARC = YES;
				CLANG_ENABLE_OBJC_WEAK = YES;
				CLANG_WARN_BLOCK_CAPTURE_AUTORELEASING = YES;
				CLANG_WARN_BOOL_CONVERSION = YES;
				CLANG_WARN_COMMA = YES;
				CLANG_WARN_CONSTANT_CONVERSION = YES;
				CLANG_WARN_DEPRECATED_OBJC_IMPLEMENTATIONS = YES;
				CLANG_WARN_DIRECT_OBJC_ISA_USAGE = YES_ERROR;
				CLANG_WARN_DOCUMENTATION_COMMENTS = YES;
				CLANG_WARN_EMPTY_BODY = YES;
				CLANG_WARN_ENUM_CONVERSION = YES;
				CLANG_WARN_INFINITE_RECURSION = YES;
				CLANG_WARN_INT_CONVERSION = YES;
				CLANG_WARN_NON_LITERAL_NULL_CONVERSION = YES;
				CLANG_WARN_OBJC_IMPLICIT_RETAIN_SELF = YES;
				CLANG_WARN_OBJC_LITERAL_CONVERSION = YES;
				CLANG_WARN_OBJC_ROOT_CLASS = YES_ERROR;
				CLANG_WARN_RANGE_LOOP_ANALYSIS = YES;
				CLANG_WARN_STRICT_PROTOTYPES = YES;
				CLANG_WARN_SUSPICIOUS_MOVE = YES;
				CLANG_WARN_UNGUARDED_AVAILABILITY = YES_AGGRESSIVE;
				CLANG_WARN_UNREACHABLE_CODE = YES;
				CLANG_WARN__DUPLICATE_METHOD_MATCH = YES;
				COPY_PHASE_STRIP = NO;
				DEBUG_INFORMATION_FORMAT = dwarf;
				ENABLE_STRICT_OBJC_MSGSEND = YES;
				ENABLE_TESTABILITY = YES;
				GCC_C_LANGUAGE_STANDARD = gnu11;
				GCC_DYNAMIC_NO_PIC = NO;
				GCC_NO_COMMON_BLOCKS = YES;
				GCC_OPTIMIZATION_LEVEL = 0;
				GCC_PREPROCESSOR_DEFINITIONS = (
					"DEBUG=1",
					"$(inherited)",
				);
				GCC_WARN_64_TO_32_BIT_CONVERSION = YES;
				GCC_WARN_ABOUT_RETURN_TYPE = YES_ERROR;
				GCC_WARN_UNDECLARED_SELECTOR = YES;
				GCC_WARN_UNINITIALIZED_AUTOS = YES_AGGRESSIVE;
				GCC_WARN_UNUSED_FUNCTION = YES;
				GCC_WARN_UNUSED_VARIABLE = YES;
				MACOSX_DEPLOYMENT_TARGET = 10.13;
				MTL_ENABLE_DEBUG_INFO = INCLUDE_SOURCE;
				MTL_FAST_MATH = YES;
				ONLY_ACTIVE_ARCH = YES;
				SDKROOT = macosx;
				SWIFT_ACTIVE_COMPILATION_CONDITIONS = DEBUG;
				SWIFT_OPTIMIZATION_LEVEL = "-Onone";
			};
			name = Debug;
		};
		4A5E1581246376EF00038A0C /* Release */ = {
			isa = XCBuildConfiguration;
			buildSettings = {
				ALWAYS_SEARCH_USER_PATHS = NO;
				CLANG_ANALYZER_NONNULL = YES;
				CLANG_ANALYZER_NUMBER_OBJECT_CONVERSION = YES_AGGRESSIVE;
				CLANG_CXX_LANGUAGE_STANDARD = "gnu++14";
				CLANG_CXX_LIBRARY = "libc++";
				CLANG_ENABLE_MODULES = YES;
				CLANG_ENABLE_OBJC_ARC = YES;
				CLANG_ENABLE_OBJC_WEAK = YES;
				CLANG_WARN_BLOCK_CAPTURE_AUTORELEASING = YES;
				CLANG_WARN_BOOL_CONVERSION = YES;
				CLANG_WARN_COMMA = YES;
				CLANG_WARN_CONSTANT_CONVERSION = YES;
				CLANG_WARN_DEPRECATED_OBJC_IMPLEMENTATIONS = YES;
				CLANG_WARN_DIRECT_OBJC_ISA_USAGE = YES_ERROR;
				CLANG_WARN_DOCUMENTATION_COMMENTS = YES;
				CLANG_WARN_EMPTY_BODY = YES;
				CLANG_WARN_ENUM_CONVERSION = YES;
				CLANG_WARN_INFINITE_RECURSION = YES;
				CLANG_WARN_INT_CONVERSION = YES;
				CLANG_WARN_NON_LITERAL_NULL_CONVERSION = YES;
				CLANG_WARN_OBJC_IMPLICIT_RETAIN_SELF = YES;
				CLANG_WARN_OBJC_LITERAL_CONVERSION = YES;
				CLANG_WARN_OBJC_ROOT_CLASS = YES_ERROR;
				CLANG_WARN_RANGE_LOOP_ANALYSIS = YES;
				CLANG_WARN_STRICT_PROTOTYPES = YES;
				CLANG_WARN_SUSPICIOUS_MOVE = YES;
				CLANG_WARN_UNGUARDED_AVAILABILITY = YES_AGGRESSIVE;
				CLANG_WARN_UNREACHABLE_CODE = YES;
				CLANG_WARN__DUPLICATE_METHOD_MATCH = YES;
				COPY_PHASE_STRIP = NO;
				DEBUG_INFORMATION_FORMAT = "dwarf-with-dsym";
				ENABLE_NS_ASSERTIONS = NO;
				ENABLE_STRICT_OBJC_MSGSEND = YES;
				GCC_C_LANGUAGE_STANDARD = gnu11;
				GCC_NO_COMMON_BLOCKS = YES;
				GCC_WARN_64_TO_32_BIT_CONVERSION = YES;
				GCC_WARN_ABOUT_RETURN_TYPE = YES_ERROR;
				GCC_WARN_UNDECLARED_SELECTOR = YES;
				GCC_WARN_UNINITIALIZED_AUTOS = YES_AGGRESSIVE;
				GCC_WARN_UNUSED_FUNCTION = YES;
				GCC_WARN_UNUSED_VARIABLE = YES;
				MACOSX_DEPLOYMENT_TARGET = 10.13;
				MTL_ENABLE_DEBUG_INFO = NO;
				MTL_FAST_MATH = YES;
				SDKROOT = macosx;
				SWIFT_COMPILATION_MODE = wholemodule;
				SWIFT_OPTIMIZATION_LEVEL = "-O";
			};
			name = Release;
		};
		4A5E1583246376EF00038A0C /* Debug */ = {
			isa = XCBuildConfiguration;
			buildSettings = {
				CODE_SIGN_ENTITLEMENTS = "InjectJS Extension/InjectJS_Extension.entitlements";
				CODE_SIGN_STYLE = Automatic;
				DEVELOPMENT_TEAM = J74Q8V8V8N;
				ENABLE_HARDENED_RUNTIME = YES;
				INFOPLIST_FILE = "InjectJS Extension/Info.plist";
				LD_RUNPATH_SEARCH_PATHS = (
					"$(inherited)",
					"@executable_path/../Frameworks",
					"@executable_path/../../../../Frameworks",
				);
				PRODUCT_BUNDLE_IDENTIFIER = "com.injectjs.macos.InjectJS-Extension";
				PRODUCT_NAME = "$(TARGET_NAME)";
				SKIP_INSTALL = YES;
				SWIFT_VERSION = 5.0;
			};
			name = Debug;
		};
		4A5E1584246376EF00038A0C /* Release */ = {
			isa = XCBuildConfiguration;
			buildSettings = {
				CODE_SIGN_ENTITLEMENTS = "InjectJS Extension/InjectJS_Extension.entitlements";
				CODE_SIGN_STYLE = Automatic;
				DEVELOPMENT_TEAM = J74Q8V8V8N;
				ENABLE_HARDENED_RUNTIME = YES;
				INFOPLIST_FILE = "InjectJS Extension/Info.plist";
				LD_RUNPATH_SEARCH_PATHS = (
					"$(inherited)",
					"@executable_path/../Frameworks",
					"@executable_path/../../../../Frameworks",
				);
				PRODUCT_BUNDLE_IDENTIFIER = "com.injectjs.macos.InjectJS-Extension";
				PRODUCT_NAME = "$(TARGET_NAME)";
				SKIP_INSTALL = YES;
				SWIFT_VERSION = 5.0;
			};
			name = Release;
		};
		4A5E1587246376EF00038A0C /* Debug */ = {
			isa = XCBuildConfiguration;
			buildSettings = {
				ALWAYS_EMBED_SWIFT_STANDARD_LIBRARIES = YES;
				ASSETCATALOG_COMPILER_APPICON_NAME = AppIcon;
				CODE_SIGN_ENTITLEMENTS = InjectJS/InjectJS.entitlements;
				CODE_SIGN_STYLE = Automatic;
				COMBINE_HIDPI_IMAGES = YES;
				DEVELOPMENT_TEAM = J74Q8V8V8N;
				ENABLE_HARDENED_RUNTIME = YES;
				INFOPLIST_FILE = InjectJS/Info.plist;
				LD_RUNPATH_SEARCH_PATHS = (
					"$(inherited)",
					"@executable_path/../Frameworks",
				);
				PRODUCT_BUNDLE_IDENTIFIER = com.injectjs.macos;
				PRODUCT_NAME = "$(TARGET_NAME)";
				SWIFT_VERSION = 5.0;
			};
			name = Debug;
		};
		4A5E1588246376EF00038A0C /* Release */ = {
			isa = XCBuildConfiguration;
			buildSettings = {
				ALWAYS_EMBED_SWIFT_STANDARD_LIBRARIES = YES;
				ASSETCATALOG_COMPILER_APPICON_NAME = AppIcon;
				CODE_SIGN_ENTITLEMENTS = InjectJS/InjectJS.entitlements;
				CODE_SIGN_STYLE = Automatic;
				COMBINE_HIDPI_IMAGES = YES;
				DEVELOPMENT_TEAM = J74Q8V8V8N;
				ENABLE_HARDENED_RUNTIME = YES;
				INFOPLIST_FILE = InjectJS/Info.plist;
				LD_RUNPATH_SEARCH_PATHS = (
					"$(inherited)",
					"@executable_path/../Frameworks",
				);
				PRODUCT_BUNDLE_IDENTIFIER = com.injectjs.macos;
				PRODUCT_NAME = "$(TARGET_NAME)";
				SWIFT_VERSION = 5.0;
			};
			name = Release;
		};
/* End XCBuildConfiguration section */

/* Begin XCConfigurationList section */
		4A5E1553246376EE00038A0C /* Build configuration list for PBXProject "InjectJS" */ = {
			isa = XCConfigurationList;
			buildConfigurations = (
				4A5E1580246376EF00038A0C /* Debug */,
				4A5E1581246376EF00038A0C /* Release */,
			);
			defaultConfigurationIsVisible = 0;
			defaultConfigurationName = Release;
		};
		4A5E1582246376EF00038A0C /* Build configuration list for PBXNativeTarget "InjectJS Extension" */ = {
			isa = XCConfigurationList;
			buildConfigurations = (
				4A5E1583246376EF00038A0C /* Debug */,
				4A5E1584246376EF00038A0C /* Release */,
			);
			defaultConfigurationIsVisible = 0;
			defaultConfigurationName = Release;
		};
		4A5E1586246376EF00038A0C /* Build configuration list for PBXNativeTarget "InjectJS" */ = {
			isa = XCConfigurationList;
			buildConfigurations = (
				4A5E1587246376EF00038A0C /* Debug */,
				4A5E1588246376EF00038A0C /* Release */,
			);
			defaultConfigurationIsVisible = 0;
			defaultConfigurationName = Release;
		};
/* End XCConfigurationList section */
	};
	rootObject = 4A5E1550246376EE00038A0C /* Project object */;
}
